schema: '2.0'
stages:
  data_ingestion:
    cmd: python src/data_ingestion.py
    deps:
    - path: src/data_ingestion.py
      hash: md5
      md5: 126dd34b26fcf6bce80128baf0623529
      size: 3191
    params:
      params.yaml:
        data_ingestion.test_size: 0.3
    outs:
    - path: data/raw_data
      hash: md5
      md5: 506021b2951b5a642d0d50e6e224e825.dir
      size: 484846
      nfiles: 2
  preprocessing:
    cmd: python src/preprocessing.py
    deps:
    - path: data/raw_data
      hash: md5
      md5: 506021b2951b5a642d0d50e6e224e825.dir
      size: 484846
      nfiles: 2
    - path: src/preprocessing.py
      hash: md5
      md5: 833ecd84d0e741b1bd818c841aee98f0
      size: 3018
    outs:
    - path: data/interim
      hash: md5
      md5: bb2dc865666b1c570c3154ee1f25e126.dir
      size: 296657
      nfiles: 2
  feature_engineering:
    cmd: python src/feature_engineering.py
    deps:
    - path: data/interim
      hash: md5
      md5: bb2dc865666b1c570c3154ee1f25e126.dir
      size: 296657
      nfiles: 2
    - path: src/feature_engineering.py
      hash: md5
      md5: cb360dfb5a80e52ce9c5a3b9df6f9247
      size: 3411
    params:
      params.yaml:
        feature_engineering.max_features: 35
    outs:
    - path: data/processed
      hash: md5
      md5: 802b798984eb67ec50e33cbde50b0a5d.dir
      size: 847163
      nfiles: 2
  model_building:
    cmd: python src/model_training.py
    deps:
    - path: data/processed
      hash: md5
      md5: 802b798984eb67ec50e33cbde50b0a5d.dir
      size: 847163
      nfiles: 2
    - path: src/model_training.py
      hash: md5
      md5: f667a4fbc4478afdef9397bf4403136c
      size: 3243
    params:
      params.yaml:
        model_building.n_estimators: 22
        model_building.random_state: 2
    outs:
    - path: models/model.pkl
      hash: md5
      md5: d7cc8a9d268122023460fe9969980661
      size: 648618
  model_evaluation:
    cmd: python src/model_evaluation.py
    deps:
    - path: models/model.pkl
      hash: md5
      md5: d7cc8a9d268122023460fe9969980661
      size: 648618
    - path: src/model_evaluation.py
      hash: md5
      md5: 9831804bbb7ef6657e3c692bf3d98fa4
      size: 3628
    outs:
    - path: reports/metrics.json
      hash: md5
      md5: 287cf77ef668d1ea862161b75c99dfc8
      size: 150
