schema: '2.0'
stages:
  data_ingestion:
    cmd: python src/data_ingestion.py
    deps:
    - path: src/data_ingestion.py
      hash: md5
      md5: 126dd34b26fcf6bce80128baf0623529
      size: 3191
    params:
      params.yaml:
        data_ingestion.test_size: 0.2
    outs:
    - path: data/raw_data
      hash: md5
      md5: 3b3cf3a9ca588cc150553eee569b3fe3.dir
      size: 484846
      nfiles: 2
  preprocessing:
    cmd: python src/preprocessing.py
    deps:
    - path: data/raw_data
      hash: md5
      md5: 3b3cf3a9ca588cc150553eee569b3fe3.dir
      size: 484846
      nfiles: 2
    - path: src/preprocessing.py
      hash: md5
      md5: 833ecd84d0e741b1bd818c841aee98f0
      size: 3018
    outs:
    - path: data/interim
      hash: md5
      md5: 8fe9070db15c0c2e27be74a2a73d7b56.dir
      size: 294358
      nfiles: 2
  feature_engineering:
    cmd: python src/feature_engineering.py
    deps:
    - path: data/interim
      hash: md5
      md5: 8fe9070db15c0c2e27be74a2a73d7b56.dir
      size: 294358
      nfiles: 2
    - path: src/feature_engineering.py
      hash: md5
      md5: cb360dfb5a80e52ce9c5a3b9df6f9247
      size: 3411
    params:
      params.yaml:
        feature_engineering.max_features: 35
    outs:
    - path: data/processed
      hash: md5
      md5: cde5ea967ace169abf1282f7b7c5d4a7.dir
      size: 842750
      nfiles: 2
